
Microsoft Visual Studio Solution File, Format Version 12.00
# Visual Studio 15
VisualStudioVersion = 15.0.28307.902
MinimumVisualStudioVersion = 10.0.40219.1
Project("{FAE04EC0-301F-11D3-BF4B-00C04F79EFBC}") = "wypozyczalnia", "wypozyczalnia\wypozyczalnia.csproj", "{4C8B3189-E1A3-4AB4-91D4-63E14D830ED5}"
EndProject
Project("{FAE04EC0-301F-11D3-BF4B-00C04F79EFBC}") = "Wypozyczalnia.Bizness", "Wypozyczalnia.Bizness\Wypozyczalnia.Bizness.csproj", "{2781B1AF-445E-4EF0-B9FC-4E2F00E40D34}"
EndProject
Global
	GlobalSection(SolutionConfigurationPlatforms) = preSolution
		Debug|Any CPU = Debug|Any CPU
		Release|Any CPU = Release|Any CPU
	EndGlobalSection
	GlobalSection(ProjectConfigurationPlatforms) = postSolution
		{4C8B3189-E1A3-4AB4-91D4-63E14D830ED5}.Debug|Any CPU.ActiveCfg = Debug|Any CPU
		{4C8B3189-E1A3-4AB4-91D4-63E14D830ED5}.Debug|Any CPU.Build.0 = Debug|Any CPU
		{4C8B3189-E1A3-4AB4-91D4-63E14D830ED5}.Release|Any CPU.ActiveCfg = Release|Any CPU
		{4C8B3189-E1A3-4AB4-91D4-63E14D830ED5}.Release|Any CPU.Build.0 = Release|Any CPU
		{2781B1AF-445E-4EF0-B9FC-4E2F00E40D34}.Debug|Any CPU.ActiveCfg = Debug|Any CPU
		{2781B1AF-445E-4EF0-B9FC-4E2F00E40D34}.Debug|Any CPU.Build.0 = Debug|Any CPU
		{2781B1AF-445E-4EF0-B9FC-4E2F00E40D34}.Release|Any CPU.ActiveCfg = Release|Any CPU
		{2781B1AF-445E-4EF0-B9FC-4E2F00E40D34}.Release|Any CPU.Build.0 = Release|Any CPU
	EndGlobalSection
	GlobalSection(SolutionProperties) = preSolution
		HideSolutionNode = FALSE
	EndGlobalSection
	GlobalSection(ExtensibilityGlobals) = postSolution
		SolutionGuid = {25597549-2B7B-4CE6-9B8C-2554E83AD371}
	EndGlobalSection
EndGlobal
